
Microsoft Visual Studio Solution File, Format Version 12.00
# Visual Studio Version 17
VisualStudioVersion = 17.10.35027.167
MinimumVisualStudioVersion = 10.0.40219.1
Project("{FAE04EC0-301F-11D3-BF4B-00C04F79EFBC}") = "opdracht_opsplitsing_euro", "opdracht_opsplitsing_euro.csproj", "{37E0B639-C5DD-46B7-9D8E-0F756E5093CC}"
EndProject
Global
	GlobalSection(SolutionConfigurationPlatforms) = preSolution
		Debug|Any CPU = Debug|Any CPU
		Release|Any CPU = Release|Any CPU
	EndGlobalSection
	GlobalSection(ProjectConfigurationPlatforms) = postSolution
		{37E0B639-C5DD-46B7-9D8E-0F756E5093CC}.Debug|Any CPU.ActiveCfg = Debug|Any CPU
		{37E0B639-C5DD-46B7-9D8E-0F756E5093CC}.Debug|Any CPU.Build.0 = Debug|Any CPU
		{37E0B639-C5DD-46B7-9D8E-0F756E5093CC}.Release|Any CPU.ActiveCfg = Release|Any CPU
		{37E0B639-C5DD-46B7-9D8E-0F756E5093CC}.Release|Any CPU.Build.0 = Release|Any CPU
	EndGlobalSection
	GlobalSection(SolutionProperties) = preSolution
		HideSolutionNode = FALSE
	EndGlobalSection
	GlobalSection(ExtensibilityGlobals) = postSolution
		SolutionGuid = {60EC3FC5-F027-4EB4-BE5C-2E1154C2A57D}
	EndGlobalSection
EndGlobal
